{
  "name": "oauth_reverse_proxy",
  "version": "1.5.0",
  "dependencies": {
    "http-proxy": {
      "version": "1.1.2",
      "from": "http-proxy@1.1.2",
      "resolved": "https://registry.npmjs.org/http-proxy/-/http-proxy-1.1.2.tgz",
      "dependencies": {
        "eventemitter3": {
          "version": "0.1.6",
          "from": "eventemitter3@*",
          "resolved": "https://registry.npmjs.org/eventemitter3/-/eventemitter3-0.1.6.tgz"
        }
      }
    }
  }
}
